github.com/PacktPublishing/Network-Automation-with-Go/ch02/ping v0.0.0-20230106230258-f97ac52aeb37 h1:TadwjibClPMrS6fwSbfM44fN/W0KjW/n5/OmPan+4yM=
github.com/PacktPublishing/Network-Automation-with-Go/ch02/ping v0.0.0-20230106230258-f97ac52aeb37/go.mod h1:bwRjyQdnuKDT6d86kITCTP/mQGje7F0NPRBRwY8lux0=
